
Microsoft Visual Studio Solution File, Format Version 12.00
# Visual Studio 14
VisualStudioVersion = 14.0.25420.1
MinimumVisualStudioVersion = 10.0.40219.1
Project("{FAE04EC0-301F-11D3-BF4B-00C04F79EFBC}") = "DrinkApi", "DrinkApi\DrinkApi.csproj", "{3C5829A3-1E1E-4A4D-9AAD-92534C15D4EB}"
EndProject
Project("{FAE04EC0-301F-11D3-BF4B-00C04F79EFBC}") = "DrinkApi.Tests", "DrinkApi.Tests\DrinkApi.Tests.csproj", "{1A71EE64-9C47-4031-A596-C7189A1791D1}"
EndProject
Global
	GlobalSection(SolutionConfigurationPlatforms) = preSolution
		Debug|Any CPU = Debug|Any CPU
		Release|Any CPU = Release|Any CPU
	EndGlobalSection
	GlobalSection(ProjectConfigurationPlatforms) = postSolution
		{3C5829A3-1E1E-4A4D-9AAD-92534C15D4EB}.Debug|Any CPU.ActiveCfg = Debug|Any CPU
		{3C5829A3-1E1E-4A4D-9AAD-92534C15D4EB}.Debug|Any CPU.Build.0 = Debug|Any CPU
		{3C5829A3-1E1E-4A4D-9AAD-92534C15D4EB}.Release|Any CPU.ActiveCfg = Release|Any CPU
		{3C5829A3-1E1E-4A4D-9AAD-92534C15D4EB}.Release|Any CPU.Build.0 = Release|Any CPU
		{1A71EE64-9C47-4031-A596-C7189A1791D1}.Debug|Any CPU.ActiveCfg = Debug|Any CPU
		{1A71EE64-9C47-4031-A596-C7189A1791D1}.Debug|Any CPU.Build.0 = Debug|Any CPU
		{1A71EE64-9C47-4031-A596-C7189A1791D1}.Release|Any CPU.ActiveCfg = Release|Any CPU
		{1A71EE64-9C47-4031-A596-C7189A1791D1}.Release|Any CPU.Build.0 = Release|Any CPU
	EndGlobalSection
	GlobalSection(SolutionProperties) = preSolution
		HideSolutionNode = FALSE
	EndGlobalSection
EndGlobal
